
Microsoft Visual Studio Solution File, Format Version 12.00
# Visual Studio 15
VisualStudioVersion = 15.0.26730.12
MinimumVisualStudioVersion = 10.0.40219.1
Project("{FAE04EC0-301F-11D3-BF4B-00C04F79EFBC}") = "TestParser", "TestParser.csproj", "{51CDD132-EC9D-4412-B67F-698A4F7A81BD}"
EndProject
Global
	GlobalSection(SolutionConfigurationPlatforms) = preSolution
		Debug|Any CPU = Debug|Any CPU
		Release|Any CPU = Release|Any CPU
	EndGlobalSection
	GlobalSection(ProjectConfigurationPlatforms) = postSolution
		{51CDD132-EC9D-4412-B67F-698A4F7A81BD}.Debug|Any CPU.ActiveCfg = Debug|Any CPU
		{51CDD132-EC9D-4412-B67F-698A4F7A81BD}.Debug|Any CPU.Build.0 = Debug|Any CPU
		{51CDD132-EC9D-4412-B67F-698A4F7A81BD}.Release|Any CPU.ActiveCfg = Release|Any CPU
		{51CDD132-EC9D-4412-B67F-698A4F7A81BD}.Release|Any CPU.Build.0 = Release|Any CPU
	EndGlobalSection
	GlobalSection(SolutionProperties) = preSolution
		HideSolutionNode = FALSE
	EndGlobalSection
	GlobalSection(ExtensibilityGlobals) = postSolution
		SolutionGuid = {AC449EFB-549C-4D26-B0B9-C13113970FB9}
	EndGlobalSection
EndGlobal
